
Microsoft Visual Studio Solution File, Format Version 12.00
# Visual Studio Version 16
VisualStudioVersion = 16.0.32002.261
MinimumVisualStudioVersion = 10.0.40219.1
Project("{9A19103F-16F7-4668-BE54-9A1E7A4F7556}") = "Mission13", "Mission13.csproj", "{058224B5-2C0F-4B38-B843-5A9CD84815B8}"
EndProject
Global
	GlobalSection(SolutionConfigurationPlatforms) = preSolution
		Debug|Any CPU = Debug|Any CPU
		Release|Any CPU = Release|Any CPU
	EndGlobalSection
	GlobalSection(ProjectConfigurationPlatforms) = postSolution
		{058224B5-2C0F-4B38-B843-5A9CD84815B8}.Debug|Any CPU.ActiveCfg = Debug|Any CPU
		{058224B5-2C0F-4B38-B843-5A9CD84815B8}.Debug|Any CPU.Build.0 = Debug|Any CPU
		{058224B5-2C0F-4B38-B843-5A9CD84815B8}.Release|Any CPU.ActiveCfg = Release|Any CPU
		{058224B5-2C0F-4B38-B843-5A9CD84815B8}.Release|Any CPU.Build.0 = Release|Any CPU
	EndGlobalSection
	GlobalSection(SolutionProperties) = preSolution
		HideSolutionNode = FALSE
	EndGlobalSection
	GlobalSection(ExtensibilityGlobals) = postSolution
		SolutionGuid = {A842407C-02AF-44C5-B754-18E440C88B3F}
	EndGlobalSection
EndGlobal
